
Microsoft Visual Studio Solution File, Format Version 12.00
Project("{FAE04EC0-301F-11D3-BF4B-00C04F79EFBC}") = "BookManagement", "BookManagement.csproj", "{450D998A-94A3-4789-B76B-1FE1BE0BB777}"
EndProject
Global
	GlobalSection(SolutionConfigurationPlatforms) = preSolution
		Debug|Any CPU = Debug|Any CPU
		Release|Any CPU = Release|Any CPU
	EndGlobalSection
	GlobalSection(ProjectConfigurationPlatforms) = postSolution
		{450D998A-94A3-4789-B76B-1FE1BE0BB777}.Debug|Any CPU.ActiveCfg = Debug|Any CPU
		{450D998A-94A3-4789-B76B-1FE1BE0BB777}.Debug|Any CPU.Build.0 = Debug|Any CPU
		{450D998A-94A3-4789-B76B-1FE1BE0BB777}.Release|Any CPU.ActiveCfg = Release|Any CPU
		{450D998A-94A3-4789-B76B-1FE1BE0BB777}.Release|Any CPU.Build.0 = Release|Any CPU
	EndGlobalSection
EndGlobal
